// !$*UTF8*$!
{
	archiveVersion = 1;
	classes = {
	};
	objectVersion = 50;
	objects = {

/* Begin PBXBuildFile section */
		1651DA0B2540E10900C6E149 /* iOSWidgetPOCApp.swift in Sources */ = {isa = PBXBuildFile; fileRef = 1651DA0A2540E10900C6E149 /* iOSWidgetPOCApp.swift */; };
		1651DA0D2540E10900C6E149 /* ContentView.swift in Sources */ = {isa = PBXBuildFile; fileRef = 1651DA0C2540E10900C6E149 /* ContentView.swift */; };
		1651DA0F2540E10A00C6E149 /* Assets.xcassets in Resources */ = {isa = PBXBuildFile; fileRef = 1651DA0E2540E10A00C6E149 /* Assets.xcassets */; };
		1651DA122540E10A00C6E149 /* Preview Assets.xcassets in Resources */ = {isa = PBXBuildFile; fileRef = 1651DA112540E10A00C6E149 /* Preview Assets.xcassets */; };
		1651DA212540E45000C6E149 /* WidgetKit.framework in Frameworks */ = {isa = PBXBuildFile; fileRef = 1651DA202540E45000C6E149 /* WidgetKit.framework */; };
		1651DA232540E45000C6E149 /* SwiftUI.framework in Frameworks */ = {isa = PBXBuildFile; fileRef = 1651DA222540E45000C6E149 /* SwiftUI.framework */; };
		1651DA262540E45000C6E149 /* UnosquareWidget.swift in Sources */ = {isa = PBXBuildFile; fileRef = 1651DA252540E45000C6E149 /* UnosquareWidget.swift */; };
		1651DA292540E45200C6E149 /* Assets.xcassets in Resources */ = {isa = PBXBuildFile; fileRef = 1651DA282540E45200C6E149 /* Assets.xcassets */; };
		1651DA2B2540E45200C6E149 /* UnosquareWidget.intentdefinition in Sources */ = {isa = PBXBuildFile; fileRef = 1651DA272540E45000C6E149 /* UnosquareWidget.intentdefinition */; };
		1651DA2C2540E45200C6E149 /* UnosquareWidget.intentdefinition in Sources */ = {isa = PBXBuildFile; fileRef = 1651DA272540E45000C6E149 /* UnosquareWidget.intentdefinition */; };
		1651DA2F2540E45200C6E149 /* UnosquareWidgetExtension.appex in Embed App Extensions */ = {isa = PBXBuildFile; fileRef = 1651DA1E2540E45000C6E149 /* UnosquareWidgetExtension.appex */; settings = {ATTRIBUTES = (RemoveHeadersOnCopy, ); }; };
/* End PBXBuildFile section */

/* Begin PBXContainerItemProxy section */
		1651DA2D2540E45200C6E149 /* PBXContainerItemProxy */ = {
			isa = PBXContainerItemProxy;
			containerPortal = 1651D9FF2540E10900C6E149 /* Project object */;
			proxyType = 1;
			remoteGlobalIDString = 1651DA1D2540E45000C6E149;
			remoteInfo = UnosquareWidgetExtension;
		};
/* End PBXContainerItemProxy section */

/* Begin PBXCopyFilesBuildPhase section */
		1651DA332540E45200C6E149 /* Embed App Extensions */ = {
			isa = PBXCopyFilesBuildPhase;
			buildActionMask = 2147483647;
			dstPath = "";
			dstSubfolderSpec = 13;
			files = (
				1651DA2F2540E45200C6E149 /* UnosquareWidgetExtension.appex in Embed App Extensions */,
			);
			name = "Embed App Extensions";
			runOnlyForDeploymentPostprocessing = 0;
		};
/* End PBXCopyFilesBuildPhase section */

/* Begin PBXFileReference section */
		1651DA072540E10900C6E149 /* iOSWidgetPOC.app */ = {isa = PBXFileReference; explicitFileType = wrapper.application; includeInIndex = 0; path = iOSWidgetPOC.app; sourceTree = BUILT_PRODUCTS_DIR; };
		1651DA0A2540E10900C6E149 /* iOSWidgetPOCApp.swift */ = {isa = PBXFileReference; lastKnownFileType = sourcecode.swift; path = iOSWidgetPOCApp.swift; sourceTree = "<group>"; };
		1651DA0C2540E10900C6E149 /* ContentView.swift */ = {isa = PBXFileReference; lastKnownFileType = sourcecode.swift; path = ContentView.swift; sourceTree = "<group>"; };
		1651DA0E2540E10A00C6E149 /* Assets.xcassets */ = {isa = PBXFileReference; lastKnownFileType = folder.assetcatalog; path = Assets.xcassets; sourceTree = "<group>"; };
		1651DA112540E10A00C6E149 /* Preview Assets.xcassets */ = {isa = PBXFileReference; lastKnownFileType = folder.assetcatalog; path = "Preview Assets.xcassets"; sourceTree = "<group>"; };
		1651DA132540E10A00C6E149 /* Info.plist */ = {isa = PBXFileReference; lastKnownFileType = text.plist.xml; path = Info.plist; sourceTree = "<group>"; };
		1651DA1E2540E45000C6E149 /* UnosquareWidgetExtension.appex */ = {isa = PBXFileReference; explicitFileType = "wrapper.app-extension"; includeInIndex = 0; path = UnosquareWidgetExtension.appex; sourceTree = BUILT_PRODUCTS_DIR; };
		1651DA202540E45000C6E149 /* WidgetKit.framework */ = {isa = PBXFileReference; lastKnownFileType = wrapper.framework; name = WidgetKit.framework; path = System/Library/Frameworks/WidgetKit.framework; sourceTree = SDKROOT; };
		1651DA222540E45000C6E149 /* SwiftUI.framework */ = {isa = PBXFileReference; lastKnownFileType = wrapper.framework; name = SwiftUI.framework; path = System/Library/Frameworks/SwiftUI.framework; sourceTree = SDKROOT; };
		1651DA252540E45000C6E149 /* UnosquareWidget.swift */ = {isa = PBXFileReference; lastKnownFileType = sourcecode.swift; path = UnosquareWidget.swift; sourceTree = "<group>"; };
		1651DA272540E45000C6E149 /* UnosquareWidget.intentdefinition */ = {isa = PBXFileReference; lastKnownFileType = file.intentdefinition; path = UnosquareWidget.intentdefinition; sourceTree = "<group>"; };
		1651DA282540E45200C6E149 /* Assets.xcassets */ = {isa = PBXFileReference; lastKnownFileType = folder.assetcatalog; path = Assets.xcassets; sourceTree = "<group>"; };
		1651DA2A2540E45200C6E149 /* Info.plist */ = {isa = PBXFileReference; lastKnownFileType = text.plist.xml; path = Info.plist; sourceTree = "<group>"; };
/* End PBXFileReference section */

/* Begin PBXFrameworksBuildPhase section */
		1651DA042540E10900C6E149 /* Frameworks */ = {
			isa = PBXFrameworksBuildPhase;
			buildActionMask = 2147483647;
			files = (
			);
			runOnlyForDeploymentPostprocessing = 0;
		};
		1651DA1B2540E45000C6E149 /* Frameworks */ = {
			isa = PBXFrameworksBuildPhase;
			buildActionMask = 2147483647;
			files = (
				1651DA232540E45000C6E149 /* SwiftUI.framework in Frameworks */,
				1651DA212540E45000C6E149 /* WidgetKit.framework in Frameworks */,
			);
			runOnlyForDeploymentPostprocessing = 0;
		};
/* End PBXFrameworksBuildPhase section */

/* Begin PBXGroup section */
		1651D9FE2540E10900C6E149 = {
			isa = PBXGroup;
			children = (
				1651DA092540E10900C6E149 /* iOSWidgetPOC */,
				1651DA242540E45000C6E149 /* UnosquareWidget */,
				1651DA1F2540E45000C6E149 /* Frameworks */,
				1651DA082540E10900C6E149 /* Products */,
			);
			sourceTree = "<group>";
		};
		1651DA082540E10900C6E149 /* Products */ = {
			isa = PBXGroup;
			children = (
				1651DA072540E10900C6E149 /* iOSWidgetPOC.app */,
				1651DA1E2540E45000C6E149 /* UnosquareWidgetExtension.appex */,
			);
			name = Products;
			sourceTree = "<group>";
		};
		1651DA092540E10900C6E149 /* iOSWidgetPOC */ = {
			isa = PBXGroup;
			children = (
				1651DA0A2540E10900C6E149 /* iOSWidgetPOCApp.swift */,
				1651DA0C2540E10900C6E149 /* ContentView.swift */,
				1651DA0E2540E10A00C6E149 /* Assets.xcassets */,
				1651DA132540E10A00C6E149 /* Info.plist */,
				1651DA102540E10A00C6E149 /* Preview Content */,
			);
			path = iOSWidgetPOC;
			sourceTree = "<group>";
		};
		1651DA102540E10A00C6E149 /* Preview Content */ = {
			isa = PBXGroup;
			children = (
				1651DA112540E10A00C6E149 /* Preview Assets.xcassets */,
			);
			path = "Preview Content";
			sourceTree = "<group>";
		};
		1651DA1F2540E45000C6E149 /* Frameworks */ = {
			isa = PBXGroup;
			children = (
				1651DA202540E45000C6E149 /* WidgetKit.framework */,
				1651DA222540E45000C6E149 /* SwiftUI.framework */,
			);
			name = Frameworks;
			sourceTree = "<group>";
		};
		1651DA242540E45000C6E149 /* UnosquareWidget */ = {
			isa = PBXGroup;
			children = (
				1651DA252540E45000C6E149 /* UnosquareWidget.swift */,
				1651DA272540E45000C6E149 /* UnosquareWidget.intentdefinition */,
				1651DA282540E45200C6E149 /* Assets.xcassets */,
				1651DA2A2540E45200C6E149 /* Info.plist */,
			);
			path = UnosquareWidget;
			sourceTree = "<group>";
		};
/* End PBXGroup section */

/* Begin PBXNativeTarget section */
		1651DA062540E10900C6E149 /* iOSWidgetPOC */ = {
			isa = PBXNativeTarget;
			buildConfigurationList = 1651DA162540E10A00C6E149 /* Build configuration list for PBXNativeTarget "iOSWidgetPOC" */;
			buildPhases = (
				1651DA032540E10900C6E149 /* Sources */,
				1651DA042540E10900C6E149 /* Frameworks */,
				1651DA052540E10900C6E149 /* Resources */,
				1651DA332540E45200C6E149 /* Embed App Extensions */,
			);
			buildRules = (
			);
			dependencies = (
				1651DA2E2540E45200C6E149 /* PBXTargetDependency */,
			);
			name = iOSWidgetPOC;
			productName = iOSWidgetPOC;
			productReference = 1651DA072540E10900C6E149 /* iOSWidgetPOC.app */;
			productType = "com.apple.product-type.application";
		};
		1651DA1D2540E45000C6E149 /* UnosquareWidgetExtension */ = {
			isa = PBXNativeTarget;
			buildConfigurationList = 1651DA302540E45200C6E149 /* Build configuration list for PBXNativeTarget "UnosquareWidgetExtension" */;
			buildPhases = (
				1651DA1A2540E45000C6E149 /* Sources */,
				1651DA1B2540E45000C6E149 /* Frameworks */,
				1651DA1C2540E45000C6E149 /* Resources */,
			);
			buildRules = (
			);
			dependencies = (
			);
			name = UnosquareWidgetExtension;
			productName = UnosquareWidgetExtension;
			productReference = 1651DA1E2540E45000C6E149 /* UnosquareWidgetExtension.appex */;
			productType = "com.apple.product-type.app-extension";
		};
/* End PBXNativeTarget section */

/* Begin PBXProject section */
		1651D9FF2540E10900C6E149 /* Project object */ = {
			isa = PBXProject;
			attributes = {
				LastSwiftUpdateCheck = 1210;
				LastUpgradeCheck = 1210;
				TargetAttributes = {
					1651DA062540E10900C6E149 = {
						CreatedOnToolsVersion = 12.1;
					};
					1651DA1D2540E45000C6E149 = {
						CreatedOnToolsVersion = 12.1;
					};
				};
			};
			buildConfigurationList = 1651DA022540E10900C6E149 /* Build configuration list for PBXProject "iOSWidgetPOC" */;
			compatibilityVersion = "Xcode 9.3";
			developmentRegion = en;
			hasScannedForEncodings = 0;
			knownRegions = (
				en,
				Base,
			);
			mainGroup = 1651D9FE2540E10900C6E149;
			productRefGroup = 1651DA082540E10900C6E149 /* Products */;
			projectDirPath = "";
			projectRoot = "";
			targets = (
				1651DA062540E10900C6E149 /* iOSWidgetPOC */,
				1651DA1D2540E45000C6E149 /* UnosquareWidgetExtension */,
			);
		};
/* End PBXProject section */

/* Begin PBXResourcesBuildPhase section */
		1651DA052540E10900C6E149 /* Resources */ = {
			isa = PBXResourcesBuildPhase;
			buildActionMask = 2147483647;
			files = (
				1651DA122540E10A00C6E149 /* Preview Assets.xcassets in Resources */,
				1651DA0F2540E10A00C6E149 /* Assets.xcassets in Resources */,
			);
			runOnlyForDeploymentPostprocessing = 0;
		};
		1651DA1C2540E45000C6E149 /* Resources */ = {
			isa = PBXResourcesBuildPhase;
			buildActionMask = 2147483647;
			files = (
				1651DA292540E45200C6E149 /* Assets.xcassets in Resources */,
			);
			runOnlyForDeploymentPostprocessing = 0;
		};
/* End PBXResourcesBuildPhase section */

/* Begin PBXSourcesBuildPhase section */
		1651DA032540E10900C6E149 /* Sources */ = {
			isa = PBXSourcesBuildPhase;
			buildActionMask = 2147483647;
			files = (
				1651DA0D2540E10900C6E149 /* ContentView.swift in Sources */,
				1651DA0B2540E10900C6E149 /* iOSWidgetPOCApp.swift in Sources */,
				1651DA2C2540E45200C6E149 /* UnosquareWidget.intentdefinition in Sources */,
			);
			runOnlyForDeploymentPostprocessing = 0;
		};
		1651DA1A2540E45000C6E149 /* Sources */ = {
			isa = PBXSourcesBuildPhase;
			buildActionMask = 2147483647;
			files = (
				1651DA2B2540E45200C6E149 /* UnosquareWidget.intentdefinition in Sources */,
				1651DA262540E45000C6E149 /* UnosquareWidget.swift in Sources */,
			);
			runOnlyForDeploymentPostprocessing = 0;
		};
/* End PBXSourcesBuildPhase section */

/* Begin PBXTargetDependency section */
		1651DA2E2540E45200C6E149 /* PBXTargetDependency */ = {
			isa = PBXTargetDependency;
			target = 1651DA1D2540E45000C6E149 /* UnosquareWidgetExtension */;
			targetProxy = 1651DA2D2540E45200C6E149 /* PBXContainerItemProxy */;
		};
/* End PBXTargetDependency section */

/* Begin XCBuildConfiguration section */
		1651DA142540E10A00C6E149 /* Debug */ = {
			isa = XCBuildConfiguration;
			buildSettings = {
				ALWAYS_SEARCH_USER_PATHS = NO;
				CLANG_ANALYZER_NONNULL = YES;
				CLANG_ANALYZER_NUMBER_OBJECT_CONVERSION = YES_AGGRESSIVE;
				CLANG_CXX_LANGUAGE_STANDARD = "gnu++14";
				CLANG_CXX_LIBRARY = "libc++";
				CLANG_ENABLE_MODULES = YES;
				CLANG_ENABLE_OBJC_ARC = YES;
				CLANG_ENABLE_OBJC_WEAK = YES;
				CLANG_WARN_BLOCK_CAPTURE_AUTORELEASING = YES;
				CLANG_WARN_BOOL_CONVERSION = YES;
				CLANG_WARN_COMMA = YES;
				CLANG_WARN_CONSTANT_CONVERSION = YES;
				CLANG_WARN_DEPRECATED_OBJC_IMPLEMENTATIONS = YES;
				CLANG_WARN_DIRECT_OBJC_ISA_USAGE = YES_ERROR;
				CLANG_WARN_DOCUMENTATION_COMMENTS = YES;
				CLANG_WARN_EMPTY_BODY = YES;
				CLANG_WARN_ENUM_CONVERSION = YES;
				CLANG_WARN_INFINITE_RECURSION = YES;
				CLANG_WARN_INT_CONVERSION = YES;
				CLANG_WARN_NON_LITERAL_NULL_CONVERSION = YES;
				CLANG_WARN_OBJC_IMPLICIT_RETAIN_SELF = YES;
				CLANG_WARN_OBJC_LITERAL_CONVERSION = YES;
				CLANG_WARN_OBJC_ROOT_CLASS = YES_ERROR;
				CLANG_WARN_QUOTED_INCLUDE_IN_FRAMEWORK_HEADER = YES;
				CLANG_WARN_RANGE_LOOP_ANALYSIS = YES;
				CLANG_WARN_STRICT_PROTOTYPES = YES;
				CLANG_WARN_SUSPICIOUS_MOVE = YES;
				CLANG_WARN_UNGUARDED_AVAILABILITY = YES_AGGRESSIVE;
				CLANG_WARN_UNREACHABLE_CODE = YES;
				CLANG_WARN__DUPLICATE_METHOD_MATCH = YES;
				COPY_PHASE_STRIP = NO;
				DEBUG_INFORMATION_FORMAT = dwarf;
				ENABLE_STRICT_OBJC_MSGSEND = YES;
				ENABLE_TESTABILITY = YES;
				GCC_C_LANGUAGE_STANDARD = gnu11;
				GCC_DYNAMIC_NO_PIC = NO;
				GCC_NO_COMMON_BLOCKS = YES;
				GCC_OPTIMIZATION_LEVEL = 0;
				GCC_PREPROCESSOR_DEFINITIONS = (
					"DEBUG=1",
					"$(inherited)",
				);
				GCC_WARN_64_TO_32_BIT_CONVERSION = YES;
				GCC_WARN_ABOUT_RETURN_TYPE = YES_ERROR;
				GCC_WARN_UNDECLARED_SELECTOR = YES;
				GCC_WARN_UNINITIALIZED_AUTOS = YES_AGGRESSIVE;
				GCC_WARN_UNUSED_FUNCTION = YES;
				GCC_WARN_UNUSED_VARIABLE = YES;
				IPHONEOS_DEPLOYMENT_TARGET = 14.1;
				MTL_ENABLE_DEBUG_INFO = INCLUDE_SOURCE;
				MTL_FAST_MATH = YES;
				ONLY_ACTIVE_ARCH = YES;
				SDKROOT = iphoneos;
				SWIFT_ACTIVE_COMPILATION_CONDITIONS = DEBUG;
				SWIFT_OPTIMIZATION_LEVEL = "-Onone";
			};
			name = Debug;
		};
		1651DA152540E10A00C6E149 /* Release */ = {
			isa = XCBuildConfiguration;
			buildSettings = {
				ALWAYS_SEARCH_USER_PATHS = NO;
				CLANG_ANALYZER_NONNULL = YES;
				CLANG_ANALYZER_NUMBER_OBJECT_CONVERSION = YES_AGGRESSIVE;
				CLANG_CXX_LANGUAGE_STANDARD = "gnu++14";
				CLANG_CXX_LIBRARY = "libc++";
				CLANG_ENABLE_MODULES = YES;
				CLANG_ENABLE_OBJC_ARC = YES;
				CLANG_ENABLE_OBJC_WEAK = YES;
				CLANG_WARN_BLOCK_CAPTURE_AUTORELEASING = YES;
				CLANG_WARN_BOOL_CONVERSION = YES;
				CLANG_WARN_COMMA = YES;
				CLANG_WARN_CONSTANT_CONVERSION = YES;
				CLANG_WARN_DEPRECATED_OBJC_IMPLEMENTATIONS = YES;
				CLANG_WARN_DIRECT_OBJC_ISA_USAGE = YES_ERROR;
				CLANG_WARN_DOCUMENTATION_COMMENTS = YES;
				CLANG_WARN_EMPTY_BODY = YES;
				CLANG_WARN_ENUM_CONVERSION = YES;
				CLANG_WARN_INFINITE_RECURSION = YES;
				CLANG_WARN_INT_CONVERSION = YES;
				CLANG_WARN_NON_LITERAL_NULL_CONVERSION = YES;
				CLANG_WARN_OBJC_IMPLICIT_RETAIN_SELF = YES;
				CLANG_WARN_OBJC_LITERAL_CONVERSION = YES;
				CLANG_WARN_OBJC_ROOT_CLASS = YES_ERROR;
				CLANG_WARN_QUOTED_INCLUDE_IN_FRAMEWORK_HEADER = YES;
				CLANG_WARN_RANGE_LOOP_ANALYSIS = YES;
				CLANG_WARN_STRICT_PROTOTYPES = YES;
				CLANG_WARN_SUSPICIOUS_MOVE = YES;
				CLANG_WARN_UNGUARDED_AVAILABILITY = YES_AGGRESSIVE;
				CLANG_WARN_UNREACHABLE_CODE = YES;
				CLANG_WARN__DUPLICATE_METHOD_MATCH = YES;
				COPY_PHASE_STRIP = NO;
				DEBUG_INFORMATION_FORMAT = "dwarf-with-dsym";
				ENABLE_NS_ASSERTIONS = NO;
				ENABLE_STRICT_OBJC_MSGSEND = YES;
				GCC_C_LANGUAGE_STANDARD = gnu11;
				GCC_NO_COMMON_BLOCKS = YES;
				GCC_WARN_64_TO_32_BIT_CONVERSION = YES;
				GCC_WARN_ABOUT_RETURN_TYPE = YES_ERROR;
				GCC_WARN_UNDECLARED_SELECTOR = YES;
				GCC_WARN_UNINITIALIZED_AUTOS = YES_AGGRESSIVE;
				GCC_WARN_UNUSED_FUNCTION = YES;
				GCC_WARN_UNUSED_VARIABLE = YES;
				IPHONEOS_DEPLOYMENT_TARGET = 14.1;
				MTL_ENABLE_DEBUG_INFO = NO;
				MTL_FAST_MATH = YES;
				SDKROOT = iphoneos;
				SWIFT_COMPILATION_MODE = wholemodule;
				SWIFT_OPTIMIZATION_LEVEL = "-O";
				VALIDATE_PRODUCT = YES;
			};
			name = Release;
		};
		1651DA172540E10A00C6E149 /* Debug */ = {
			isa = XCBuildConfiguration;
			buildSettings = {
				ALWAYS_EMBED_SWIFT_STANDARD_LIBRARIES = YES;
				ASSETCATALOG_COMPILER_APPICON_NAME = AppIcon;
				ASSETCATALOG_COMPILER_GLOBAL_ACCENT_COLOR_NAME = AccentColor;
				CODE_SIGN_STYLE = Automatic;
				DEVELOPMENT_ASSET_PATHS = "\"iOSWidgetPOC/Preview Content\"";
				DEVELOPMENT_TEAM = C93PUCQDNM;
				ENABLE_PREVIEWS = YES;
				INFOPLIST_FILE = iOSWidgetPOC/Info.plist;
				IPHONEOS_DEPLOYMENT_TARGET = 14.0;
				LD_RUNPATH_SEARCH_PATHS = (
					"$(inherited)",
					"@executable_path/Frameworks",
				);
				PRODUCT_BUNDLE_IDENTIFIER = com.axos.iOSWidgetPOC;
				PRODUCT_NAME = "$(TARGET_NAME)";
				SWIFT_VERSION = 5.0;
				TARGETED_DEVICE_FAMILY = "1,2";
			};
			name = Debug;
		};
		1651DA182540E10A00C6E149 /* Release */ = {
			isa = XCBuildConfiguration;
			buildSettings = {
				ALWAYS_EMBED_SWIFT_STANDARD_LIBRARIES = YES;
				ASSETCATALOG_COMPILER_APPICON_NAME = AppIcon;
				ASSETCATALOG_COMPILER_GLOBAL_ACCENT_COLOR_NAME = AccentColor;
				CODE_SIGN_STYLE = Automatic;
				DEVELOPMENT_ASSET_PATHS = "\"iOSWidgetPOC/Preview Content\"";
				DEVELOPMENT_TEAM = C93PUCQDNM;
				ENABLE_PREVIEWS = YES;
				INFOPLIST_FILE = iOSWidgetPOC/Info.plist;
				IPHONEOS_DEPLOYMENT_TARGET = 14.0;
				LD_RUNPATH_SEARCH_PATHS = (
					"$(inherited)",
					"@executable_path/Frameworks",
				);
				PRODUCT_BUNDLE_IDENTIFIER = com.axos.iOSWidgetPOC;
				PRODUCT_NAME = "$(TARGET_NAME)";
				SWIFT_VERSION = 5.0;
				TARGETED_DEVICE_FAMILY = "1,2";
			};
			name = Release;
		};
		1651DA312540E45200C6E149 /* Debug */ = {
			isa = XCBuildConfiguration;
			buildSettings = {
				ASSETCATALOG_COMPILER_GLOBAL_ACCENT_COLOR_NAME = AccentColor;
				ASSETCATALOG_COMPILER_WIDGET_BACKGROUND_COLOR_NAME = WidgetBackground;
				CODE_SIGN_STYLE = Automatic;
				DEVELOPMENT_TEAM = C93PUCQDNM;
				INFOPLIST_FILE = UnosquareWidget/Info.plist;
				LD_RUNPATH_SEARCH_PATHS = (
					"$(inherited)",
					"@executable_path/Frameworks",
					"@executable_path/../../Frameworks",
				);
				PRODUCT_BUNDLE_IDENTIFIER = com.axos.iOSWidgetPOC.UnosquareWidget;
				PRODUCT_NAME = "$(TARGET_NAME)";
				SKIP_INSTALL = YES;
				SWIFT_VERSION = 5.0;
				TARGETED_DEVICE_FAMILY = "1,2";
			};
			name = Debug;
		};
		1651DA322540E45200C6E149 /* Release */ = {
			isa = XCBuildConfiguration;
			buildSettings = {
				ASSETCATALOG_COMPILER_GLOBAL_ACCENT_COLOR_NAME = AccentColor;
				ASSETCATALOG_COMPILER_WIDGET_BACKGROUND_COLOR_NAME = WidgetBackground;
				CODE_SIGN_STYLE = Automatic;
				DEVELOPMENT_TEAM = C93PUCQDNM;
				INFOPLIST_FILE = UnosquareWidget/Info.plist;
				LD_RUNPATH_SEARCH_PATHS = (
					"$(inherited)",
					"@executable_path/Frameworks",
					"@executable_path/../../Frameworks",
				);
				PRODUCT_BUNDLE_IDENTIFIER = com.axos.iOSWidgetPOC.UnosquareWidget;
				PRODUCT_NAME = "$(TARGET_NAME)";
				SKIP_INSTALL = YES;
				SWIFT_VERSION = 5.0;
				TARGETED_DEVICE_FAMILY = "1,2";
			};
			name = Release;
		};
/* End XCBuildConfiguration section */

/* Begin XCConfigurationList section */
		1651DA022540E10900C6E149 /* Build configuration list for PBXProject "iOSWidgetPOC" */ = {
			isa = XCConfigurationList;
			buildConfigurations = (
				1651DA142540E10A00C6E149 /* Debug */,
				1651DA152540E10A00C6E149 /* Release */,
			);
			defaultConfigurationIsVisible = 0;
			defaultConfigurationName = Release;
		};
		1651DA162540E10A00C6E149 /* Build configuration list for PBXNativeTarget "iOSWidgetPOC" */ = {
			isa = XCConfigurationList;
			buildConfigurations = (
				1651DA172540E10A00C6E149 /* Debug */,
				1651DA182540E10A00C6E149 /* Release */,
			);
			defaultConfigurationIsVisible = 0;
			defaultConfigurationName = Release;
		};
		1651DA302540E45200C6E149 /* Build configuration list for PBXNativeTarget "UnosquareWidgetExtension" */ = {
			isa = XCConfigurationList;
			buildConfigurations = (
				1651DA312540E45200C6E149 /* Debug */,
				1651DA322540E45200C6E149 /* Release */,
			);
			defaultConfigurationIsVisible = 0;
			defaultConfigurationName = Release;
		};
/* End XCConfigurationList section */
	};
	rootObject = 1651D9FF2540E10900C6E149 /* Project object */;
}
